
Microsoft Visual Studio Solution File, Format Version 12.00
# Visual Studio Version 17
VisualStudioVersion = 17.14.36518.9
MinimumVisualStudioVersion = 10.0.40219.1
Project("{FAE04EC0-301F-11D3-BF4B-00C04F79EFBC}") = "01_IntroToProcesses", "01_IntroToProcesses\01_IntroToProcesses.csproj", "{BAB02F24-83BC-4486-AB43-0AD6FCEFBD22}"
EndProject
Project("{FAE04EC0-301F-11D3-BF4B-00C04F79EFBC}") = "02_TaskManager", "02_TaskManager\02_TaskManager.csproj", "{B3407C19-A8DA-4535-80A5-482D31A8D716}"
EndProject
Project("{FAE04EC0-301F-11D3-BF4B-00C04F79EFBC}") = "03_Threads", "03_Threads\03_Threads.csproj", "{F5288F5B-25B2-40C5-9343-291AC6246BDB}"
EndProject
Project("{FAE04EC0-301F-11D3-BF4B-00C04F79EFBC}") = "04_ThreadSync", "04_ThreadSync\04_ThreadSync.csproj", "{BBAE37BF-78DF-488D-B4DC-F2B7D6B9B71F}"
EndProject
Project("{FAE04EC0-301F-11D3-BF4B-00C04F79EFBC}") = "05_Tasks", "05_Tasks\05_Tasks.csproj", "{D0BC5C0B-6F5E-4B28-B962-381BDF100151}"
EndProject
Project("{FAE04EC0-301F-11D3-BF4B-00C04F79EFBC}") = "06_AsyncAwait", "06_AsyncAwait\06_AsyncAwait.csproj", "{C7EC5FF0-47D1-4428-8128-8BAF437329C4}"
EndProject
Project("{FAE04EC0-301F-11D3-BF4B-00C04F79EFBC}") = "06_AsyncAwait_UI", "06_AsyncAwait_UI\06_AsyncAwait_UI.csproj", "{01202662-0498-49DD-99CB-7425562A9916}"
EndProject
Project("{FAE04EC0-301F-11D3-BF4B-00C04F79EFBC}") = "07_CopyFileAsync", "07_CopyFileAsync\07_CopyFileAsync.csproj", "{FC72D893-A2A5-4988-9ECF-0A0084215B92}"
EndProject
Global
	GlobalSection(SolutionConfigurationPlatforms) = preSolution
		Debug|Any CPU = Debug|Any CPU
		Release|Any CPU = Release|Any CPU
	EndGlobalSection
	GlobalSection(ProjectConfigurationPlatforms) = postSolution
		{BAB02F24-83BC-4486-AB43-0AD6FCEFBD22}.Debug|Any CPU.ActiveCfg = Debug|Any CPU
		{BAB02F24-83BC-4486-AB43-0AD6FCEFBD22}.Debug|Any CPU.Build.0 = Debug|Any CPU
		{BAB02F24-83BC-4486-AB43-0AD6FCEFBD22}.Release|Any CPU.ActiveCfg = Release|Any CPU
		{BAB02F24-83BC-4486-AB43-0AD6FCEFBD22}.Release|Any CPU.Build.0 = Release|Any CPU
		{B3407C19-A8DA-4535-80A5-482D31A8D716}.Debug|Any CPU.ActiveCfg = Debug|Any CPU
		{B3407C19-A8DA-4535-80A5-482D31A8D716}.Debug|Any CPU.Build.0 = Debug|Any CPU
		{B3407C19-A8DA-4535-80A5-482D31A8D716}.Release|Any CPU.ActiveCfg = Release|Any CPU
		{B3407C19-A8DA-4535-80A5-482D31A8D716}.Release|Any CPU.Build.0 = Release|Any CPU
		{F5288F5B-25B2-40C5-9343-291AC6246BDB}.Debug|Any CPU.ActiveCfg = Debug|Any CPU
		{F5288F5B-25B2-40C5-9343-291AC6246BDB}.Debug|Any CPU.Build.0 = Debug|Any CPU
		{F5288F5B-25B2-40C5-9343-291AC6246BDB}.Release|Any CPU.ActiveCfg = Release|Any CPU
		{F5288F5B-25B2-40C5-9343-291AC6246BDB}.Release|Any CPU.Build.0 = Release|Any CPU
		{BBAE37BF-78DF-488D-B4DC-F2B7D6B9B71F}.Debug|Any CPU.ActiveCfg = Debug|Any CPU
		{BBAE37BF-78DF-488D-B4DC-F2B7D6B9B71F}.Debug|Any CPU.Build.0 = Debug|Any CPU
		{BBAE37BF-78DF-488D-B4DC-F2B7D6B9B71F}.Release|Any CPU.ActiveCfg = Release|Any CPU
		{BBAE37BF-78DF-488D-B4DC-F2B7D6B9B71F}.Release|Any CPU.Build.0 = Release|Any CPU
		{D0BC5C0B-6F5E-4B28-B962-381BDF100151}.Debug|Any CPU.ActiveCfg = Debug|Any CPU
		{D0BC5C0B-6F5E-4B28-B962-381BDF100151}.Debug|Any CPU.Build.0 = Debug|Any CPU
		{D0BC5C0B-6F5E-4B28-B962-381BDF100151}.Release|Any CPU.ActiveCfg = Release|Any CPU
		{D0BC5C0B-6F5E-4B28-B962-381BDF100151}.Release|Any CPU.Build.0 = Release|Any CPU
		{C7EC5FF0-47D1-4428-8128-8BAF437329C4}.Debug|Any CPU.ActiveCfg = Debug|Any CPU
		{C7EC5FF0-47D1-4428-8128-8BAF437329C4}.Debug|Any CPU.Build.0 = Debug|Any CPU
		{C7EC5FF0-47D1-4428-8128-8BAF437329C4}.Release|Any CPU.ActiveCfg = Release|Any CPU
		{C7EC5FF0-47D1-4428-8128-8BAF437329C4}.Release|Any CPU.Build.0 = Release|Any CPU
		{01202662-0498-49DD-99CB-7425562A9916}.Debug|Any CPU.ActiveCfg = Debug|Any CPU
		{01202662-0498-49DD-99CB-7425562A9916}.Debug|Any CPU.Build.0 = Debug|Any CPU
		{01202662-0498-49DD-99CB-7425562A9916}.Release|Any CPU.ActiveCfg = Release|Any CPU
		{01202662-0498-49DD-99CB-7425562A9916}.Release|Any CPU.Build.0 = Release|Any CPU
		{FC72D893-A2A5-4988-9ECF-0A0084215B92}.Debug|Any CPU.ActiveCfg = Debug|Any CPU
		{FC72D893-A2A5-4988-9ECF-0A0084215B92}.Debug|Any CPU.Build.0 = Debug|Any CPU
		{FC72D893-A2A5-4988-9ECF-0A0084215B92}.Release|Any CPU.ActiveCfg = Release|Any CPU
		{FC72D893-A2A5-4988-9ECF-0A0084215B92}.Release|Any CPU.Build.0 = Release|Any CPU
	EndGlobalSection
	GlobalSection(SolutionProperties) = preSolution
		HideSolutionNode = FALSE
	EndGlobalSection
	GlobalSection(ExtensibilityGlobals) = postSolution
		SolutionGuid = {3A2D779F-7224-44EE-896B-EF89F2915AAB}
	EndGlobalSection
EndGlobal
